
Microsoft Visual Studio Solution File, Format Version 12.00
# Visual Studio Version 17
VisualStudioVersion = 17.6.33723.286
MinimumVisualStudioVersion = 10.0.40219.1
Project("{FAE04EC0-301F-11D3-BF4B-00C04F79EFBC}") = "Class_Object_Method", "Class_Object_Method\Class_Object_Method.csproj", "{5FFBECE2-CD63-4F75-9596-6C3E2F016F77}"
EndProject
Global
	GlobalSection(SolutionConfigurationPlatforms) = preSolution
		Debug|Any CPU = Debug|Any CPU
		Release|Any CPU = Release|Any CPU
	EndGlobalSection
	GlobalSection(ProjectConfigurationPlatforms) = postSolution
		{5FFBECE2-CD63-4F75-9596-6C3E2F016F77}.Debug|Any CPU.ActiveCfg = Debug|Any CPU
		{5FFBECE2-CD63-4F75-9596-6C3E2F016F77}.Debug|Any CPU.Build.0 = Debug|Any CPU
		{5FFBECE2-CD63-4F75-9596-6C3E2F016F77}.Release|Any CPU.ActiveCfg = Release|Any CPU
		{5FFBECE2-CD63-4F75-9596-6C3E2F016F77}.Release|Any CPU.Build.0 = Release|Any CPU
	EndGlobalSection
	GlobalSection(SolutionProperties) = preSolution
		HideSolutionNode = FALSE
	EndGlobalSection
	GlobalSection(ExtensibilityGlobals) = postSolution
		SolutionGuid = {DEB25621-E825-4293-B053-82CB794B7AF8}
	EndGlobalSection
EndGlobal
