
Microsoft Visual Studio Solution File, Format Version 12.00
# Visual Studio Version 17
VisualStudioVersion = 17.6.33723.286
MinimumVisualStudioVersion = 10.0.40219.1
Project("{FAE04EC0-301F-11D3-BF4B-00C04F79EFBC}") = "ConstructorOverLoading", "ConstructorOverLoading\ConstructorOverLoading.csproj", "{D8E25B3D-5C81-466B-BBA9-CED89BA029B7}"
EndProject
Global
	GlobalSection(SolutionConfigurationPlatforms) = preSolution
		Debug|Any CPU = Debug|Any CPU
		Release|Any CPU = Release|Any CPU
	EndGlobalSection
	GlobalSection(ProjectConfigurationPlatforms) = postSolution
		{D8E25B3D-5C81-466B-BBA9-CED89BA029B7}.Debug|Any CPU.ActiveCfg = Debug|Any CPU
		{D8E25B3D-5C81-466B-BBA9-CED89BA029B7}.Debug|Any CPU.Build.0 = Debug|Any CPU
		{D8E25B3D-5C81-466B-BBA9-CED89BA029B7}.Release|Any CPU.ActiveCfg = Release|Any CPU
		{D8E25B3D-5C81-466B-BBA9-CED89BA029B7}.Release|Any CPU.Build.0 = Release|Any CPU
	EndGlobalSection
	GlobalSection(SolutionProperties) = preSolution
		HideSolutionNode = FALSE
	EndGlobalSection
	GlobalSection(ExtensibilityGlobals) = postSolution
		SolutionGuid = {F07DEA13-1B12-4AC4-A4AC-B2032B55932D}
	EndGlobalSection
EndGlobal
