
Microsoft Visual Studio Solution File, Format Version 12.00
# Visual Studio Version 17
VisualStudioVersion = 17.6.33723.286
MinimumVisualStudioVersion = 10.0.40219.1
Project("{FAE04EC0-301F-11D3-BF4B-00C04F79EFBC}") = "MarksSheet", "MarkSheet\MarksSheet.csproj", "{C8DEDBC3-33A8-45F1-BB52-7753CD653ABB}"
EndProject
Global
	GlobalSection(SolutionConfigurationPlatforms) = preSolution
		Debug|Any CPU = Debug|Any CPU
		Release|Any CPU = Release|Any CPU
	EndGlobalSection
	GlobalSection(ProjectConfigurationPlatforms) = postSolution
		{C8DEDBC3-33A8-45F1-BB52-7753CD653ABB}.Debug|Any CPU.ActiveCfg = Debug|Any CPU
		{C8DEDBC3-33A8-45F1-BB52-7753CD653ABB}.Debug|Any CPU.Build.0 = Debug|Any CPU
		{C8DEDBC3-33A8-45F1-BB52-7753CD653ABB}.Release|Any CPU.ActiveCfg = Release|Any CPU
		{C8DEDBC3-33A8-45F1-BB52-7753CD653ABB}.Release|Any CPU.Build.0 = Release|Any CPU
	EndGlobalSection
	GlobalSection(SolutionProperties) = preSolution
		HideSolutionNode = FALSE
	EndGlobalSection
	GlobalSection(ExtensibilityGlobals) = postSolution
		SolutionGuid = {E9E1A3AF-7DB1-4418-96A8-14911494DFF6}
	EndGlobalSection
EndGlobal
