
Microsoft Visual Studio Solution File, Format Version 12.00
# Visual Studio Version 17
VisualStudioVersion = 17.6.33723.286
MinimumVisualStudioVersion = 10.0.40219.1
Project("{FAE04EC0-301F-11D3-BF4B-00C04F79EFBC}") = "OPP", "OPP\OPP.csproj", "{4C4B8322-BC97-4E23-ABE3-C696A87F9B9F}"
EndProject
Global
	GlobalSection(SolutionConfigurationPlatforms) = preSolution
		Debug|Any CPU = Debug|Any CPU
		Release|Any CPU = Release|Any CPU
	EndGlobalSection
	GlobalSection(ProjectConfigurationPlatforms) = postSolution
		{4C4B8322-BC97-4E23-ABE3-C696A87F9B9F}.Debug|Any CPU.ActiveCfg = Debug|Any CPU
		{4C4B8322-BC97-4E23-ABE3-C696A87F9B9F}.Debug|Any CPU.Build.0 = Debug|Any CPU
		{4C4B8322-BC97-4E23-ABE3-C696A87F9B9F}.Release|Any CPU.ActiveCfg = Release|Any CPU
		{4C4B8322-BC97-4E23-ABE3-C696A87F9B9F}.Release|Any CPU.Build.0 = Release|Any CPU
	EndGlobalSection
	GlobalSection(SolutionProperties) = preSolution
		HideSolutionNode = FALSE
	EndGlobalSection
	GlobalSection(ExtensibilityGlobals) = postSolution
		SolutionGuid = {49911D5E-C460-485F-B639-EE8AA46D8FBB}
	EndGlobalSection
EndGlobal
