
Microsoft Visual Studio Solution File, Format Version 12.00
# Visual Studio Version 17
VisualStudioVersion = 17.6.33723.286
MinimumVisualStudioVersion = 10.0.40219.1
Project("{FAE04EC0-301F-11D3-BF4B-00C04F79EFBC}") = "Static_And_Instance_Member_Of_Class", "Static_And_Instance_Member_Of_Class\Static_And_Instance_Member_Of_Class.csproj", "{DCA3FD60-83B2-400C-A63B-360102F73072}"
EndProject
Global
	GlobalSection(SolutionConfigurationPlatforms) = preSolution
		Debug|Any CPU = Debug|Any CPU
		Release|Any CPU = Release|Any CPU
	EndGlobalSection
	GlobalSection(ProjectConfigurationPlatforms) = postSolution
		{DCA3FD60-83B2-400C-A63B-360102F73072}.Debug|Any CPU.ActiveCfg = Debug|Any CPU
		{DCA3FD60-83B2-400C-A63B-360102F73072}.Debug|Any CPU.Build.0 = Debug|Any CPU
		{DCA3FD60-83B2-400C-A63B-360102F73072}.Release|Any CPU.ActiveCfg = Release|Any CPU
		{DCA3FD60-83B2-400C-A63B-360102F73072}.Release|Any CPU.Build.0 = Release|Any CPU
	EndGlobalSection
	GlobalSection(SolutionProperties) = preSolution
		HideSolutionNode = FALSE
	EndGlobalSection
	GlobalSection(ExtensibilityGlobals) = postSolution
		SolutionGuid = {8BD2A866-3820-49D4-905C-873C061C9A4C}
	EndGlobalSection
EndGlobal
